
Microsoft Visual Studio Solution File, Format Version 12.00
# Visual Studio 16
Project("{FAE04EC0-301F-11D3-BF4B-00C04F79EFBC}") = "gameAssem", "gameAssem.csproj", "{28EF1F60-EEAD-8BE2-626B-1875EA014FDE}"
EndProject
Project("{FAE04EC0-301F-11D3-BF4B-00C04F79EFBC}") = "Tests", "Tests.csproj", "{E1930D98-B4F0-A1FE-E4A9-7BE544DD379C}"
EndProject
Global
	GlobalSection(SolutionConfigurationPlatforms) = preSolution
		Debug|Any CPU = Debug|Any CPU
		Release|Any CPU = Release|Any CPU
	EndGlobalSection
	GlobalSection(ProjectConfigurationPlatforms) = postSolution
		{28EF1F60-EEAD-8BE2-626B-1875EA014FDE}.Debug|Any CPU.ActiveCfg = Debug|Any CPU
		{28EF1F60-EEAD-8BE2-626B-1875EA014FDE}.Debug|Any CPU.Build.0 = Debug|Any CPU
		{28EF1F60-EEAD-8BE2-626B-1875EA014FDE}.Release|Any CPU.ActiveCfg = Release|Any CPU
		{28EF1F60-EEAD-8BE2-626B-1875EA014FDE}.Release|Any CPU.Build.0 = Release|Any CPU
		{E1930D98-B4F0-A1FE-E4A9-7BE544DD379C}.Debug|Any CPU.ActiveCfg = Debug|Any CPU
		{E1930D98-B4F0-A1FE-E4A9-7BE544DD379C}.Debug|Any CPU.Build.0 = Debug|Any CPU
		{E1930D98-B4F0-A1FE-E4A9-7BE544DD379C}.Release|Any CPU.ActiveCfg = Release|Any CPU
		{E1930D98-B4F0-A1FE-E4A9-7BE544DD379C}.Release|Any CPU.Build.0 = Release|Any CPU
	EndGlobalSection
	GlobalSection(SolutionProperties) = preSolution
		HideSolutionNode = FALSE
	EndGlobalSection
	GlobalSection(MonoDevelopProperties) = preSolution
		StartupItem = Assembly-CSharp.csproj
	EndGlobalSection
EndGlobal
